
Microsoft Visual Studio Solution File, Format Version 12.00
# Visual Studio Version 16
VisualStudioVersion = 16.0.32428.217
MinimumVisualStudioVersion = 10.0.40219.1
Project("{FAE04EC0-301F-11D3-BF4B-00C04F79EFBC}") = "CICDmvc01", "CICDmvc01\CICDmvc01.csproj", "{FA8982DC-B90A-4AB6-ADC4-10767FAF48CF}"
EndProject
Global
	GlobalSection(SolutionConfigurationPlatforms) = preSolution
		Debug|Any CPU = Debug|Any CPU
		Release|Any CPU = Release|Any CPU
	EndGlobalSection
	GlobalSection(ProjectConfigurationPlatforms) = postSolution
		{FA8982DC-B90A-4AB6-ADC4-10767FAF48CF}.Debug|Any CPU.ActiveCfg = Debug|Any CPU
		{FA8982DC-B90A-4AB6-ADC4-10767FAF48CF}.Debug|Any CPU.Build.0 = Debug|Any CPU
		{FA8982DC-B90A-4AB6-ADC4-10767FAF48CF}.Release|Any CPU.ActiveCfg = Release|Any CPU
		{FA8982DC-B90A-4AB6-ADC4-10767FAF48CF}.Release|Any CPU.Build.0 = Release|Any CPU
	EndGlobalSection
	GlobalSection(SolutionProperties) = preSolution
		HideSolutionNode = FALSE
	EndGlobalSection
	GlobalSection(ExtensibilityGlobals) = postSolution
		SolutionGuid = {F4E265AC-2925-4B32-9FC5-5AC0B40783C6}
	EndGlobalSection
EndGlobal
